// !$*UTF8*$!
{
	archiveVersion = 1;
	classes = {
	};
	objectVersion = 55;
	objects = {

/* Begin PBXBuildFile section */
		5510717B287E9990007A77E8 /* .gitignore in Resources */ = {isa = PBXBuildFile; fileRef = 5510717A287E9990007A77E8 /* .gitignore */; };
		55E3B7BE287E8F1C004B56B7 /* ScrumdingerApp.swift in Sources */ = {isa = PBXBuildFile; fileRef = 55E3B7BD287E8F1C004B56B7 /* ScrumdingerApp.swift */; };
		55E3B7C0287E8F1C004B56B7 /* MeetingView.swift in Sources */ = {isa = PBXBuildFile; fileRef = 55E3B7BF287E8F1C004B56B7 /* MeetingView.swift */; };
		55E3B7C2287E8F20004B56B7 /* Assets.xcassets in Resources */ = {isa = PBXBuildFile; fileRef = 55E3B7C1287E8F20004B56B7 /* Assets.xcassets */; };
		55E3B7C5287E8F20004B56B7 /* Preview Assets.xcassets in Resources */ = {isa = PBXBuildFile; fileRef = 55E3B7C4287E8F20004B56B7 /* Preview Assets.xcassets */; };
		55E3B7CF287E8F20004B56B7 /* ScrumdingerTests.swift in Sources */ = {isa = PBXBuildFile; fileRef = 55E3B7CE287E8F20004B56B7 /* ScrumdingerTests.swift */; };
		55E3B7D9287E8F20004B56B7 /* ScrumdingerUITests.swift in Sources */ = {isa = PBXBuildFile; fileRef = 55E3B7D8287E8F20004B56B7 /* ScrumdingerUITests.swift */; };
		55E3B7DB287E8F20004B56B7 /* ScrumdingerUITestsLaunchTests.swift in Sources */ = {isa = PBXBuildFile; fileRef = 55E3B7DA287E8F20004B56B7 /* ScrumdingerUITestsLaunchTests.swift */; };
		55E3B7E9287E94EB004B56B7 /* Theme.swift in Sources */ = {isa = PBXBuildFile; fileRef = 55E3B7E8287E94EB004B56B7 /* Theme.swift */; };
		55E3B7EB287E9585004B56B7 /* DailyScrum.swift in Sources */ = {isa = PBXBuildFile; fileRef = 55E3B7EA287E9585004B56B7 /* DailyScrum.swift */; };
		55E3B7ED287E95EB004B56B7 /* CardView.swift in Sources */ = {isa = PBXBuildFile; fileRef = 55E3B7EC287E95EB004B56B7 /* CardView.swift */; };
		55E3B7EF287E970C004B56B7 /* TrailingIconLabelStyle.swift in Sources */ = {isa = PBXBuildFile; fileRef = 55E3B7EE287E970C004B56B7 /* TrailingIconLabelStyle.swift */; };
/* End PBXBuildFile section */

/* Begin PBXContainerItemProxy section */
		55E3B7CB287E8F20004B56B7 /* PBXContainerItemProxy */ = {
			isa = PBXContainerItemProxy;
			containerPortal = 55E3B7B2287E8F1B004B56B7 /* Project object */;
			proxyType = 1;
			remoteGlobalIDString = 55E3B7B9287E8F1C004B56B7;
			remoteInfo = Scrumdinger;
		};
		55E3B7D5287E8F20004B56B7 /* PBXContainerItemProxy */ = {
			isa = PBXContainerItemProxy;
			containerPortal = 55E3B7B2287E8F1B004B56B7 /* Project object */;
			proxyType = 1;
			remoteGlobalIDString = 55E3B7B9287E8F1C004B56B7;
			remoteInfo = Scrumdinger;
		};
/* End PBXContainerItemProxy section */

/* Begin PBXFileReference section */
		5510717A287E9990007A77E8 /* .gitignore */ = {isa = PBXFileReference; lastKnownFileType = text; path = .gitignore; sourceTree = "<group>"; };
		55E3B7BA287E8F1C004B56B7 /* Scrumdinger.app */ = {isa = PBXFileReference; explicitFileType = wrapper.application; includeInIndex = 0; path = Scrumdinger.app; sourceTree = BUILT_PRODUCTS_DIR; };
		55E3B7BD287E8F1C004B56B7 /* ScrumdingerApp.swift */ = {isa = PBXFileReference; lastKnownFileType = sourcecode.swift; path = ScrumdingerApp.swift; sourceTree = "<group>"; };
		55E3B7BF287E8F1C004B56B7 /* MeetingView.swift */ = {isa = PBXFileReference; lastKnownFileType = sourcecode.swift; path = MeetingView.swift; sourceTree = "<group>"; };
		55E3B7C1287E8F20004B56B7 /* Assets.xcassets */ = {isa = PBXFileReference; lastKnownFileType = folder.assetcatalog; path = Assets.xcassets; sourceTree = "<group>"; };
		55E3B7C4287E8F20004B56B7 /* Preview Assets.xcassets */ = {isa = PBXFileReference; lastKnownFileType = folder.assetcatalog; path = "Preview Assets.xcassets"; sourceTree = "<group>"; };
		55E3B7CA287E8F20004B56B7 /* ScrumdingerTests.xctest */ = {isa = PBXFileReference; explicitFileType = wrapper.cfbundle; includeInIndex = 0; path = ScrumdingerTests.xctest; sourceTree = BUILT_PRODUCTS_DIR; };
		55E3B7CE287E8F20004B56B7 /* ScrumdingerTests.swift */ = {isa = PBXFileReference; lastKnownFileType = sourcecode.swift; path = ScrumdingerTests.swift; sourceTree = "<group>"; };
		55E3B7D4287E8F20004B56B7 /* ScrumdingerUITests.xctest */ = {isa = PBXFileReference; explicitFileType = wrapper.cfbundle; includeInIndex = 0; path = ScrumdingerUITests.xctest; sourceTree = BUILT_PRODUCTS_DIR; };
		55E3B7D8287E8F20004B56B7 /* ScrumdingerUITests.swift */ = {isa = PBXFileReference; lastKnownFileType = sourcecode.swift; path = ScrumdingerUITests.swift; sourceTree = "<group>"; };
		55E3B7DA287E8F20004B56B7 /* ScrumdingerUITestsLaunchTests.swift */ = {isa = PBXFileReference; lastKnownFileType = sourcecode.swift; path = ScrumdingerUITestsLaunchTests.swift; sourceTree = "<group>"; };
		55E3B7E8287E94EB004B56B7 /* Theme.swift */ = {isa = PBXFileReference; lastKnownFileType = sourcecode.swift; path = Theme.swift; sourceTree = "<group>"; };
		55E3B7EA287E9585004B56B7 /* DailyScrum.swift */ = {isa = PBXFileReference; lastKnownFileType = sourcecode.swift; path = DailyScrum.swift; sourceTree = "<group>"; };
		55E3B7EC287E95EB004B56B7 /* CardView.swift */ = {isa = PBXFileReference; lastKnownFileType = sourcecode.swift; path = CardView.swift; sourceTree = "<group>"; };
		55E3B7EE287E970C004B56B7 /* TrailingIconLabelStyle.swift */ = {isa = PBXFileReference; lastKnownFileType = sourcecode.swift; path = TrailingIconLabelStyle.swift; sourceTree = "<group>"; };
/* End PBXFileReference section */

/* Begin PBXFrameworksBuildPhase section */
		55E3B7B7287E8F1C004B56B7 /* Frameworks */ = {
			isa = PBXFrameworksBuildPhase;
			buildActionMask = 2147483647;
			files = (
			);
			runOnlyForDeploymentPostprocessing = 0;
		};
		55E3B7C7287E8F20004B56B7 /* Frameworks */ = {
			isa = PBXFrameworksBuildPhase;
			buildActionMask = 2147483647;
			files = (
			);
			runOnlyForDeploymentPostprocessing = 0;
		};
		55E3B7D1287E8F20004B56B7 /* Frameworks */ = {
			isa = PBXFrameworksBuildPhase;
			buildActionMask = 2147483647;
			files = (
			);
			runOnlyForDeploymentPostprocessing = 0;
		};
/* End PBXFrameworksBuildPhase section */

/* Begin PBXGroup section */
		55E3B7B1287E8F1B004B56B7 = {
			isa = PBXGroup;
			children = (
				5510717A287E9990007A77E8 /* .gitignore */,
				55E3B7BC287E8F1C004B56B7 /* Scrumdinger */,
				55E3B7CD287E8F20004B56B7 /* ScrumdingerTests */,
				55E3B7D7287E8F20004B56B7 /* ScrumdingerUITests */,
				55E3B7BB287E8F1C004B56B7 /* Products */,
			);
			sourceTree = "<group>";
		};
		55E3B7BB287E8F1C004B56B7 /* Products */ = {
			isa = PBXGroup;
			children = (
				55E3B7BA287E8F1C004B56B7 /* Scrumdinger.app */,
				55E3B7CA287E8F20004B56B7 /* ScrumdingerTests.xctest */,
				55E3B7D4287E8F20004B56B7 /* ScrumdingerUITests.xctest */,
			);
			name = Products;
			sourceTree = "<group>";
		};
		55E3B7BC287E8F1C004B56B7 /* Scrumdinger */ = {
			isa = PBXGroup;
			children = (
				55E3B7E7287E94D6004B56B7 /* Models */,
				55E3B7BD287E8F1C004B56B7 /* ScrumdingerApp.swift */,
				55E3B7BF287E8F1C004B56B7 /* MeetingView.swift */,
				55E3B7C1287E8F20004B56B7 /* Assets.xcassets */,
				55E3B7C3287E8F20004B56B7 /* Preview Content */,
				55E3B7EC287E95EB004B56B7 /* CardView.swift */,
			);
			path = Scrumdinger;
			sourceTree = "<group>";
		};
		55E3B7C3287E8F20004B56B7 /* Preview Content */ = {
			isa = PBXGroup;
			children = (
				55E3B7C4287E8F20004B56B7 /* Preview Assets.xcassets */,
			);
			path = "Preview Content";
			sourceTree = "<group>";
		};
		55E3B7CD287E8F20004B56B7 /* ScrumdingerTests */ = {
			isa = PBXGroup;
			children = (
				55E3B7CE287E8F20004B56B7 /* ScrumdingerTests.swift */,
			);
			path = ScrumdingerTests;
			sourceTree = "<group>";
		};
		55E3B7D7287E8F20004B56B7 /* ScrumdingerUITests */ = {
			isa = PBXGroup;
			children = (
				55E3B7D8287E8F20004B56B7 /* ScrumdingerUITests.swift */,
				55E3B7DA287E8F20004B56B7 /* ScrumdingerUITestsLaunchTests.swift */,
			);
			path = ScrumdingerUITests;
			sourceTree = "<group>";
		};
		55E3B7E7287E94D6004B56B7 /* Models */ = {
			isa = PBXGroup;
			children = (
				55E3B7E8287E94EB004B56B7 /* Theme.swift */,
				55E3B7EA287E9585004B56B7 /* DailyScrum.swift */,
				55E3B7EE287E970C004B56B7 /* TrailingIconLabelStyle.swift */,
			);
			path = Models;
			sourceTree = "<group>";
		};
/* End PBXGroup section */

/* Begin PBXNativeTarget section */
		55E3B7B9287E8F1C004B56B7 /* Scrumdinger */ = {
			isa = PBXNativeTarget;
			buildConfigurationList = 55E3B7DE287E8F20004B56B7 /* Build configuration list for PBXNativeTarget "Scrumdinger" */;
			buildPhases = (
				55E3B7B6287E8F1C004B56B7 /* Sources */,
				55E3B7B7287E8F1C004B56B7 /* Frameworks */,
				55E3B7B8287E8F1C004B56B7 /* Resources */,
			);
			buildRules = (
			);
			dependencies = (
			);
			name = Scrumdinger;
			productName = Scrumdinger;
			productReference = 55E3B7BA287E8F1C004B56B7 /* Scrumdinger.app */;
			productType = "com.apple.product-type.application";
		};
		55E3B7C9287E8F20004B56B7 /* ScrumdingerTests */ = {
			isa = PBXNativeTarget;
			buildConfigurationList = 55E3B7E1287E8F20004B56B7 /* Build configuration list for PBXNativeTarget "ScrumdingerTests" */;
			buildPhases = (
				55E3B7C6287E8F20004B56B7 /* Sources */,
				55E3B7C7287E8F20004B56B7 /* Frameworks */,
				55E3B7C8287E8F20004B56B7 /* Resources */,
			);
			buildRules = (
			);
			dependencies = (
				55E3B7CC287E8F20004B56B7 /* PBXTargetDependency */,
			);
			name = ScrumdingerTests;
			productName = ScrumdingerTests;
			productReference = 55E3B7CA287E8F20004B56B7 /* ScrumdingerTests.xctest */;
			productType = "com.apple.product-type.bundle.unit-test";
		};
		55E3B7D3287E8F20004B56B7 /* ScrumdingerUITests */ = {
			isa = PBXNativeTarget;
			buildConfigurationList = 55E3B7E4287E8F20004B56B7 /* Build configuration list for PBXNativeTarget "ScrumdingerUITests" */;
			buildPhases = (
				55E3B7D0287E8F20004B56B7 /* Sources */,
				55E3B7D1287E8F20004B56B7 /* Frameworks */,
				55E3B7D2287E8F20004B56B7 /* Resources */,
			);
			buildRules = (
			);
			dependencies = (
				55E3B7D6287E8F20004B56B7 /* PBXTargetDependency */,
			);
			name = ScrumdingerUITests;
			productName = ScrumdingerUITests;
			productReference = 55E3B7D4287E8F20004B56B7 /* ScrumdingerUITests.xctest */;
			productType = "com.apple.product-type.bundle.ui-testing";
		};
/* End PBXNativeTarget section */

/* Begin PBXProject section */
		55E3B7B2287E8F1B004B56B7 /* Project object */ = {
			isa = PBXProject;
			attributes = {
				BuildIndependentTargetsInParallel = 1;
				LastSwiftUpdateCheck = 1340;
				LastUpgradeCheck = 1340;
				TargetAttributes = {
					55E3B7B9287E8F1C004B56B7 = {
						CreatedOnToolsVersion = 13.4.1;
					};
					55E3B7C9287E8F20004B56B7 = {
						CreatedOnToolsVersion = 13.4.1;
						TestTargetID = 55E3B7B9287E8F1C004B56B7;
					};
					55E3B7D3287E8F20004B56B7 = {
						CreatedOnToolsVersion = 13.4.1;
						TestTargetID = 55E3B7B9287E8F1C004B56B7;
					};
				};
			};
			buildConfigurationList = 55E3B7B5287E8F1B004B56B7 /* Build configuration list for PBXProject "Scrumdinger" */;
			compatibilityVersion = "Xcode 13.0";
			developmentRegion = en;
			hasScannedForEncodings = 0;
			knownRegions = (
				en,
				Base,
			);
			mainGroup = 55E3B7B1287E8F1B004B56B7;
			productRefGroup = 55E3B7BB287E8F1C004B56B7 /* Products */;
			projectDirPath = "";
			projectRoot = "";
			targets = (
				55E3B7B9287E8F1C004B56B7 /* Scrumdinger */,
				55E3B7C9287E8F20004B56B7 /* ScrumdingerTests */,
				55E3B7D3287E8F20004B56B7 /* ScrumdingerUITests */,
			);
		};
/* End PBXProject section */

/* Begin PBXResourcesBuildPhase section */
		55E3B7B8287E8F1C004B56B7 /* Resources */ = {
			isa = PBXResourcesBuildPhase;
			buildActionMask = 2147483647;
			files = (
				55E3B7C5287E8F20004B56B7 /* Preview Assets.xcassets in Resources */,
				5510717B287E9990007A77E8 /* .gitignore in Resources */,
				55E3B7C2287E8F20004B56B7 /* Assets.xcassets in Resources */,
			);
			runOnlyForDeploymentPostprocessing = 0;
		};
		55E3B7C8287E8F20004B56B7 /* Resources */ = {
			isa = PBXResourcesBuildPhase;
			buildActionMask = 2147483647;
			files = (
			);
			runOnlyForDeploymentPostprocessing = 0;
		};
		55E3B7D2287E8F20004B56B7 /* Resources */ = {
			isa = PBXResourcesBuildPhase;
			buildActionMask = 2147483647;
			files = (
			);
			runOnlyForDeploymentPostprocessing = 0;
		};
/* End PBXResourcesBuildPhase section */

/* Begin PBXSourcesBuildPhase section */
		55E3B7B6287E8F1C004B56B7 /* Sources */ = {
			isa = PBXSourcesBuildPhase;
			buildActionMask = 2147483647;
			files = (
				55E3B7E9287E94EB004B56B7 /* Theme.swift in Sources */,
				55E3B7EF287E970C004B56B7 /* TrailingIconLabelStyle.swift in Sources */,
				55E3B7EB287E9585004B56B7 /* DailyScrum.swift in Sources */,
				55E3B7C0287E8F1C004B56B7 /* MeetingView.swift in Sources */,
				55E3B7BE287E8F1C004B56B7 /* ScrumdingerApp.swift in Sources */,
				55E3B7ED287E95EB004B56B7 /* CardView.swift in Sources */,
			);
			runOnlyForDeploymentPostprocessing = 0;
		};
		55E3B7C6287E8F20004B56B7 /* Sources */ = {
			isa = PBXSourcesBuildPhase;
			buildActionMask = 2147483647;
			files = (
				55E3B7CF287E8F20004B56B7 /* ScrumdingerTests.swift in Sources */,
			);
			runOnlyForDeploymentPostprocessing = 0;
		};
		55E3B7D0287E8F20004B56B7 /* Sources */ = {
			isa = PBXSourcesBuildPhase;
			buildActionMask = 2147483647;
			files = (
				55E3B7DB287E8F20004B56B7 /* ScrumdingerUITestsLaunchTests.swift in Sources */,
				55E3B7D9287E8F20004B56B7 /* ScrumdingerUITests.swift in Sources */,
			);
			runOnlyForDeploymentPostprocessing = 0;
		};
/* End PBXSourcesBuildPhase section */

/* Begin PBXTargetDependency section */
		55E3B7CC287E8F20004B56B7 /* PBXTargetDependency */ = {
			isa = PBXTargetDependency;
			target = 55E3B7B9287E8F1C004B56B7 /* Scrumdinger */;
			targetProxy = 55E3B7CB287E8F20004B56B7 /* PBXContainerItemProxy */;
		};
		55E3B7D6287E8F20004B56B7 /* PBXTargetDependency */ = {
			isa = PBXTargetDependency;
			target = 55E3B7B9287E8F1C004B56B7 /* Scrumdinger */;
			targetProxy = 55E3B7D5287E8F20004B56B7 /* PBXContainerItemProxy */;
		};
/* End PBXTargetDependency section */

/* Begin XCBuildConfiguration section */
		55E3B7DC287E8F20004B56B7 /* Debug */ = {
			isa = XCBuildConfiguration;
			buildSettings = {
				ALWAYS_SEARCH_USER_PATHS = NO;
				CLANG_ANALYZER_NONNULL = YES;
				CLANG_ANALYZER_NUMBER_OBJECT_CONVERSION = YES_AGGRESSIVE;
				CLANG_CXX_LANGUAGE_STANDARD = "gnu++17";
				CLANG_ENABLE_MODULES = YES;
				CLANG_ENABLE_OBJC_ARC = YES;
				CLANG_ENABLE_OBJC_WEAK = YES;
				CLANG_WARN_BLOCK_CAPTURE_AUTORELEASING = YES;
				CLANG_WARN_BOOL_CONVERSION = YES;
				CLANG_WARN_COMMA = YES;
				CLANG_WARN_CONSTANT_CONVERSION = YES;
				CLANG_WARN_DEPRECATED_OBJC_IMPLEMENTATIONS = YES;
				CLANG_WARN_DIRECT_OBJC_ISA_USAGE = YES_ERROR;
				CLANG_WARN_DOCUMENTATION_COMMENTS = YES;
				CLANG_WARN_EMPTY_BODY = YES;
				CLANG_WARN_ENUM_CONVERSION = YES;
				CLANG_WARN_INFINITE_RECURSION = YES;
				CLANG_WARN_INT_CONVERSION = YES;
				CLANG_WARN_NON_LITERAL_NULL_CONVERSION = YES;
				CLANG_WARN_OBJC_IMPLICIT_RETAIN_SELF = YES;
				CLANG_WARN_OBJC_LITERAL_CONVERSION = YES;
				CLANG_WARN_OBJC_ROOT_CLASS = YES_ERROR;
				CLANG_WARN_QUOTED_INCLUDE_IN_FRAMEWORK_HEADER = YES;
				CLANG_WARN_RANGE_LOOP_ANALYSIS = YES;
				CLANG_WARN_STRICT_PROTOTYPES = YES;
				CLANG_WARN_SUSPICIOUS_MOVE = YES;
				CLANG_WARN_UNGUARDED_AVAILABILITY = YES_AGGRESSIVE;
				CLANG_WARN_UNREACHABLE_CODE = YES;
				CLANG_WARN__DUPLICATE_METHOD_MATCH = YES;
				COPY_PHASE_STRIP = NO;
				DEBUG_INFORMATION_FORMAT = dwarf;
				ENABLE_STRICT_OBJC_MSGSEND = YES;
				ENABLE_TESTABILITY = YES;
				GCC_C_LANGUAGE_STANDARD = gnu11;
				GCC_DYNAMIC_NO_PIC = NO;
				GCC_NO_COMMON_BLOCKS = YES;
				GCC_OPTIMIZATION_LEVEL = 0;
				GCC_PREPROCESSOR_DEFINITIONS = (
					"DEBUG=1",
					"$(inherited)",
				);
				GCC_WARN_64_TO_32_BIT_CONVERSION = YES;
				GCC_WARN_ABOUT_RETURN_TYPE = YES_ERROR;
				GCC_WARN_UNDECLARED_SELECTOR = YES;
				GCC_WARN_UNINITIALIZED_AUTOS = YES_AGGRESSIVE;
				GCC_WARN_UNUSED_FUNCTION = YES;
				GCC_WARN_UNUSED_VARIABLE = YES;
				IPHONEOS_DEPLOYMENT_TARGET = 15.5;
				MTL_ENABLE_DEBUG_INFO = INCLUDE_SOURCE;
				MTL_FAST_MATH = YES;
				ONLY_ACTIVE_ARCH = YES;
				SDKROOT = iphoneos;
				SWIFT_ACTIVE_COMPILATION_CONDITIONS = DEBUG;
				SWIFT_OPTIMIZATION_LEVEL = "-Onone";
			};
			name = Debug;
		};
		55E3B7DD287E8F20004B56B7 /* Release */ = {
			isa = XCBuildConfiguration;
			buildSettings = {
				ALWAYS_SEARCH_USER_PATHS = NO;
				CLANG_ANALYZER_NONNULL = YES;
				CLANG_ANALYZER_NUMBER_OBJECT_CONVERSION = YES_AGGRESSIVE;
				CLANG_CXX_LANGUAGE_STANDARD = "gnu++17";
				CLANG_ENABLE_MODULES = YES;
				CLANG_ENABLE_OBJC_ARC = YES;
				CLANG_ENABLE_OBJC_WEAK = YES;
				CLANG_WARN_BLOCK_CAPTURE_AUTORELEASING = YES;
				CLANG_WARN_BOOL_CONVERSION = YES;
				CLANG_WARN_COMMA = YES;
				CLANG_WARN_CONSTANT_CONVERSION = YES;
				CLANG_WARN_DEPRECATED_OBJC_IMPLEMENTATIONS = YES;
				CLANG_WARN_DIRECT_OBJC_ISA_USAGE = YES_ERROR;
				CLANG_WARN_DOCUMENTATION_COMMENTS = YES;
				CLANG_WARN_EMPTY_BODY = YES;
				CLANG_WARN_ENUM_CONVERSION = YES;
				CLANG_WARN_INFINITE_RECURSION = YES;
				CLANG_WARN_INT_CONVERSION = YES;
				CLANG_WARN_NON_LITERAL_NULL_CONVERSION = YES;
				CLANG_WARN_OBJC_IMPLICIT_RETAIN_SELF = YES;
				CLANG_WARN_OBJC_LITERAL_CONVERSION = YES;
				CLANG_WARN_OBJC_ROOT_CLASS = YES_ERROR;
				CLANG_WARN_QUOTED_INCLUDE_IN_FRAMEWORK_HEADER = YES;
				CLANG_WARN_RANGE_LOOP_ANALYSIS = YES;
				CLANG_WARN_STRICT_PROTOTYPES = YES;
				CLANG_WARN_SUSPICIOUS_MOVE = YES;
				CLANG_WARN_UNGUARDED_AVAILABILITY = YES_AGGRESSIVE;
				CLANG_WARN_UNREACHABLE_CODE = YES;
				CLANG_WARN__DUPLICATE_METHOD_MATCH = YES;
				COPY_PHASE_STRIP = NO;
				DEBUG_INFORMATION_FORMAT = "dwarf-with-dsym";
				ENABLE_NS_ASSERTIONS = NO;
				ENABLE_STRICT_OBJC_MSGSEND = YES;
				GCC_C_LANGUAGE_STANDARD = gnu11;
				GCC_NO_COMMON_BLOCKS = YES;
				GCC_WARN_64_TO_32_BIT_CONVERSION = YES;
				GCC_WARN_ABOUT_RETURN_TYPE = YES_ERROR;
				GCC_WARN_UNDECLARED_SELECTOR = YES;
				GCC_WARN_UNINITIALIZED_AUTOS = YES_AGGRESSIVE;
				GCC_WARN_UNUSED_FUNCTION = YES;
				GCC_WARN_UNUSED_VARIABLE = YES;
				IPHONEOS_DEPLOYMENT_TARGET = 15.5;
				MTL_ENABLE_DEBUG_INFO = NO;
				MTL_FAST_MATH = YES;
				SDKROOT = iphoneos;
				SWIFT_COMPILATION_MODE = wholemodule;
				SWIFT_OPTIMIZATION_LEVEL = "-O";
				VALIDATE_PRODUCT = YES;
			};
			name = Release;
		};
		55E3B7DF287E8F20004B56B7 /* Debug */ = {
			isa = XCBuildConfiguration;
			buildSettings = {
				ASSETCATALOG_COMPILER_APPICON_NAME = AppIcon;
				ASSETCATALOG_COMPILER_GLOBAL_ACCENT_COLOR_NAME = AccentColor;
				CODE_SIGN_STYLE = Automatic;
				CURRENT_PROJECT_VERSION = 1;
				DEVELOPMENT_ASSET_PATHS = "\"Scrumdinger/Preview Content\"";
				ENABLE_PREVIEWS = YES;
				GENERATE_INFOPLIST_FILE = YES;
				INFOPLIST_KEY_UIApplicationSceneManifest_Generation = YES;
				INFOPLIST_KEY_UIApplicationSupportsIndirectInputEvents = YES;
				INFOPLIST_KEY_UILaunchScreen_Generation = YES;
				INFOPLIST_KEY_UISupportedInterfaceOrientations_iPad = "UIInterfaceOrientationPortrait UIInterfaceOrientationPortraitUpsideDown UIInterfaceOrientationLandscapeLeft UIInterfaceOrientationLandscapeRight";
				INFOPLIST_KEY_UISupportedInterfaceOrientations_iPhone = "UIInterfaceOrientationPortrait UIInterfaceOrientationLandscapeLeft UIInterfaceOrientationLandscapeRight";
				LD_RUNPATH_SEARCH_PATHS = (
					"$(inherited)",
					"@executable_path/Frameworks",
				);
				MARKETING_VERSION = 1.0;
				PRODUCT_BUNDLE_IDENTIFIER = com.example.Scrumdinger;
				PRODUCT_NAME = "$(TARGET_NAME)";
				SWIFT_EMIT_LOC_STRINGS = YES;
				SWIFT_VERSION = 5.0;
				TARGETED_DEVICE_FAMILY = "1,2";
			};
			name = Debug;
		};
		55E3B7E0287E8F20004B56B7 /* Release */ = {
			isa = XCBuildConfiguration;
			buildSettings = {
				ASSETCATALOG_COMPILER_APPICON_NAME = AppIcon;
				ASSETCATALOG_COMPILER_GLOBAL_ACCENT_COLOR_NAME = AccentColor;
				CODE_SIGN_STYLE = Automatic;
				CURRENT_PROJECT_VERSION = 1;
				DEVELOPMENT_ASSET_PATHS = "\"Scrumdinger/Preview Content\"";
				ENABLE_PREVIEWS = YES;
				GENERATE_INFOPLIST_FILE = YES;
				INFOPLIST_KEY_UIApplicationSceneManifest_Generation = YES;
				INFOPLIST_KEY_UIApplicationSupportsIndirectInputEvents = YES;
				INFOPLIST_KEY_UILaunchScreen_Generation = YES;
				INFOPLIST_KEY_UISupportedInterfaceOrientations_iPad = "UIInterfaceOrientationPortrait UIInterfaceOrientationPortraitUpsideDown UIInterfaceOrientationLandscapeLeft UIInterfaceOrientationLandscapeRight";
				INFOPLIST_KEY_UISupportedInterfaceOrientations_iPhone = "UIInterfaceOrientationPortrait UIInterfaceOrientationLandscapeLeft UIInterfaceOrientationLandscapeRight";
				LD_RUNPATH_SEARCH_PATHS = (
					"$(inherited)",
					"@executable_path/Frameworks",
				);
				MARKETING_VERSION = 1.0;
				PRODUCT_BUNDLE_IDENTIFIER = com.example.Scrumdinger;
				PRODUCT_NAME = "$(TARGET_NAME)";
				SWIFT_EMIT_LOC_STRINGS = YES;
				SWIFT_VERSION = 5.0;
				TARGETED_DEVICE_FAMILY = "1,2";
			};
			name = Release;
		};
		55E3B7E2287E8F20004B56B7 /* Debug */ = {
			isa = XCBuildConfiguration;
			buildSettings = {
				ALWAYS_EMBED_SWIFT_STANDARD_LIBRARIES = YES;
				BUNDLE_LOADER = "$(TEST_HOST)";
				CODE_SIGN_STYLE = Automatic;
				CURRENT_PROJECT_VERSION = 1;
				GENERATE_INFOPLIST_FILE = YES;
				IPHONEOS_DEPLOYMENT_TARGET = 15.5;
				MARKETING_VERSION = 1.0;
				PRODUCT_BUNDLE_IDENTIFIER = com.example.ScrumdingerTests;
				PRODUCT_NAME = "$(TARGET_NAME)";
				SWIFT_EMIT_LOC_STRINGS = NO;
				SWIFT_VERSION = 5.0;
				TARGETED_DEVICE_FAMILY = "1,2";
				TEST_HOST = "$(BUILT_PRODUCTS_DIR)/Scrumdinger.app/Scrumdinger";
			};
			name = Debug;
		};
		55E3B7E3287E8F20004B56B7 /* Release */ = {
			isa = XCBuildConfiguration;
			buildSettings = {
				ALWAYS_EMBED_SWIFT_STANDARD_LIBRARIES = YES;
				BUNDLE_LOADER = "$(TEST_HOST)";
				CODE_SIGN_STYLE = Automatic;
				CURRENT_PROJECT_VERSION = 1;
				GENERATE_INFOPLIST_FILE = YES;
				IPHONEOS_DEPLOYMENT_TARGET = 15.5;
				MARKETING_VERSION = 1.0;
				PRODUCT_BUNDLE_IDENTIFIER = com.example.ScrumdingerTests;
				PRODUCT_NAME = "$(TARGET_NAME)";
				SWIFT_EMIT_LOC_STRINGS = NO;
				SWIFT_VERSION = 5.0;
				TARGETED_DEVICE_FAMILY = "1,2";
				TEST_HOST = "$(BUILT_PRODUCTS_DIR)/Scrumdinger.app/Scrumdinger";
			};
			name = Release;
		};
		55E3B7E5287E8F20004B56B7 /* Debug */ = {
			isa = XCBuildConfiguration;
			buildSettings = {
				ALWAYS_EMBED_SWIFT_STANDARD_LIBRARIES = YES;
				CODE_SIGN_STYLE = Automatic;
				CURRENT_PROJECT_VERSION = 1;
				GENERATE_INFOPLIST_FILE = YES;
				MARKETING_VERSION = 1.0;
				PRODUCT_BUNDLE_IDENTIFIER = com.example.ScrumdingerUITests;
				PRODUCT_NAME = "$(TARGET_NAME)";
				SWIFT_EMIT_LOC_STRINGS = NO;
				SWIFT_VERSION = 5.0;
				TARGETED_DEVICE_FAMILY = "1,2";
				TEST_TARGET_NAME = Scrumdinger;
			};
			name = Debug;
		};
		55E3B7E6287E8F20004B56B7 /* Release */ = {
			isa = XCBuildConfiguration;
			buildSettings = {
				ALWAYS_EMBED_SWIFT_STANDARD_LIBRARIES = YES;
				CODE_SIGN_STYLE = Automatic;
				CURRENT_PROJECT_VERSION = 1;
				GENERATE_INFOPLIST_FILE = YES;
				MARKETING_VERSION = 1.0;
				PRODUCT_BUNDLE_IDENTIFIER = com.example.ScrumdingerUITests;
				PRODUCT_NAME = "$(TARGET_NAME)";
				SWIFT_EMIT_LOC_STRINGS = NO;
				SWIFT_VERSION = 5.0;
				TARGETED_DEVICE_FAMILY = "1,2";
				TEST_TARGET_NAME = Scrumdinger;
			};
			name = Release;
		};
/* End XCBuildConfiguration section */

/* Begin XCConfigurationList section */
		55E3B7B5287E8F1B004B56B7 /* Build configuration list for PBXProject "Scrumdinger" */ = {
			isa = XCConfigurationList;
			buildConfigurations = (
				55E3B7DC287E8F20004B56B7 /* Debug */,
				55E3B7DD287E8F20004B56B7 /* Release */,
			);
			defaultConfigurationIsVisible = 0;
			defaultConfigurationName = Release;
		};
		55E3B7DE287E8F20004B56B7 /* Build configuration list for PBXNativeTarget "Scrumdinger" */ = {
			isa = XCConfigurationList;
			buildConfigurations = (
				55E3B7DF287E8F20004B56B7 /* Debug */,
				55E3B7E0287E8F20004B56B7 /* Release */,
			);
			defaultConfigurationIsVisible = 0;
			defaultConfigurationName = Release;
		};
		55E3B7E1287E8F20004B56B7 /* Build configuration list for PBXNativeTarget "ScrumdingerTests" */ = {
			isa = XCConfigurationList;
			buildConfigurations = (
				55E3B7E2287E8F20004B56B7 /* Debug */,
				55E3B7E3287E8F20004B56B7 /* Release */,
			);
			defaultConfigurationIsVisible = 0;
			defaultConfigurationName = Release;
		};
		55E3B7E4287E8F20004B56B7 /* Build configuration list for PBXNativeTarget "ScrumdingerUITests" */ = {
			isa = XCConfigurationList;
			buildConfigurations = (
				55E3B7E5287E8F20004B56B7 /* Debug */,
				55E3B7E6287E8F20004B56B7 /* Release */,
			);
			defaultConfigurationIsVisible = 0;
			defaultConfigurationName = Release;
		};
/* End XCConfigurationList section */
	};
	rootObject = 55E3B7B2287E8F1B004B56B7 /* Project object */;
}
